
Microsoft Visual Studio Solution File, Format Version 12.00
# Visual Studio 2013
VisualStudioVersion = 12.0.30501.0
MinimumVisualStudioVersion = 10.0.40219.1
Project("{FAE04EC0-301F-11D3-BF4B-00C04F79EFBC}") = "Log4NetlyTesting", "Log4NetlyTesting\Log4NetlyTesting.csproj", "{CC4F4AA8-46CC-4972-AFC0-BA630C2DB3D5}"
EndProject
Project("{FAE04EC0-301F-11D3-BF4B-00C04F79EFBC}") = "Log4Netly", "Log4Netly\Log4Netly.csproj", "{2CE0F2B4-25BC-454B-81DE-A42C33B2C3D0}"
EndProject
Project("{2150E333-8FDC-42A3-9474-1A3956D46DE8}") = "Solution Items", "Solution Items", "{3C6787F0-3E8F-4B4F-9234-B50C63207878}"
	ProjectSection(SolutionItems) = preProject
		README.md = README.md
	EndProjectSection
EndProject
Global
	GlobalSection(SolutionConfigurationPlatforms) = preSolution
		Debug|Any CPU = Debug|Any CPU
		Release|Any CPU = Release|Any CPU
	EndGlobalSection
	GlobalSection(ProjectConfigurationPlatforms) = postSolution
		{CC4F4AA8-46CC-4972-AFC0-BA630C2DB3D5}.Debug|Any CPU.ActiveCfg = Debug|Any CPU
		{CC4F4AA8-46CC-4972-AFC0-BA630C2DB3D5}.Debug|Any CPU.Build.0 = Debug|Any CPU
		{CC4F4AA8-46CC-4972-AFC0-BA630C2DB3D5}.Release|Any CPU.ActiveCfg = Release|Any CPU
		{CC4F4AA8-46CC-4972-AFC0-BA630C2DB3D5}.Release|Any CPU.Build.0 = Release|Any CPU
		{2CE0F2B4-25BC-454B-81DE-A42C33B2C3D0}.Debug|Any CPU.ActiveCfg = Debug|Any CPU
		{2CE0F2B4-25BC-454B-81DE-A42C33B2C3D0}.Debug|Any CPU.Build.0 = Debug|Any CPU
		{2CE0F2B4-25BC-454B-81DE-A42C33B2C3D0}.Release|Any CPU.ActiveCfg = Release|Any CPU
		{2CE0F2B4-25BC-454B-81DE-A42C33B2C3D0}.Release|Any CPU.Build.0 = Release|Any CPU
	EndGlobalSection
	GlobalSection(SolutionProperties) = preSolution
		HideSolutionNode = FALSE
	EndGlobalSection
EndGlobal
